
Microsoft Visual Studio Solution File, Format Version 12.00
# Visual Studio 14
VisualStudioVersion = 14.0.23107.0
MinimumVisualStudioVersion = 10.0.40219.1
Project("{FAE04EC0-301F-11D3-BF4B-00C04F79EFBC}") = "WindowsFormsApplication1", "WindowsFormsApplication1\WindowsFormsApplication1.csproj", "{1D11D796-65D8-4508-9F00-AF1F4FA160E6}"
EndProject
Project("{FAE04EC0-301F-11D3-BF4B-00C04F79EFBC}") = "ComicSansBrowser", "ComicSansBrowser\ComicSansBrowser.csproj", "{99AA1DC3-09E2-4481-813A-D59EDD06D365}"
EndProject
Project("{FAE04EC0-301F-11D3-BF4B-00C04F79EFBC}") = "Silnia", "Silnia\Silnia.csproj", "{3E1C6DBC-1629-4FC1-B583-BE794BF21A5C}"
EndProject
Project("{FAE04EC0-301F-11D3-BF4B-00C04F79EFBC}") = "Fibonnaciego", "Fibonnaciego\Fibonnaciego.csproj", "{B9F9C43A-276C-45B7-91B6-B27CEF3985AC}"
EndProject
Global
	GlobalSection(SolutionConfigurationPlatforms) = preSolution
		Debug|Any CPU = Debug|Any CPU
		Release|Any CPU = Release|Any CPU
	EndGlobalSection
	GlobalSection(ProjectConfigurationPlatforms) = postSolution
		{1D11D796-65D8-4508-9F00-AF1F4FA160E6}.Debug|Any CPU.ActiveCfg = Debug|Any CPU
		{1D11D796-65D8-4508-9F00-AF1F4FA160E6}.Debug|Any CPU.Build.0 = Debug|Any CPU
		{1D11D796-65D8-4508-9F00-AF1F4FA160E6}.Release|Any CPU.ActiveCfg = Release|Any CPU
		{1D11D796-65D8-4508-9F00-AF1F4FA160E6}.Release|Any CPU.Build.0 = Release|Any CPU
		{99AA1DC3-09E2-4481-813A-D59EDD06D365}.Debug|Any CPU.ActiveCfg = Debug|Any CPU
		{99AA1DC3-09E2-4481-813A-D59EDD06D365}.Debug|Any CPU.Build.0 = Debug|Any CPU
		{99AA1DC3-09E2-4481-813A-D59EDD06D365}.Release|Any CPU.ActiveCfg = Release|Any CPU
		{99AA1DC3-09E2-4481-813A-D59EDD06D365}.Release|Any CPU.Build.0 = Release|Any CPU
		{3E1C6DBC-1629-4FC1-B583-BE794BF21A5C}.Debug|Any CPU.ActiveCfg = Debug|Any CPU
		{3E1C6DBC-1629-4FC1-B583-BE794BF21A5C}.Debug|Any CPU.Build.0 = Debug|Any CPU
		{3E1C6DBC-1629-4FC1-B583-BE794BF21A5C}.Release|Any CPU.ActiveCfg = Release|Any CPU
		{3E1C6DBC-1629-4FC1-B583-BE794BF21A5C}.Release|Any CPU.Build.0 = Release|Any CPU
		{B9F9C43A-276C-45B7-91B6-B27CEF3985AC}.Debug|Any CPU.ActiveCfg = Debug|Any CPU
		{B9F9C43A-276C-45B7-91B6-B27CEF3985AC}.Debug|Any CPU.Build.0 = Debug|Any CPU
		{B9F9C43A-276C-45B7-91B6-B27CEF3985AC}.Release|Any CPU.ActiveCfg = Release|Any CPU
		{B9F9C43A-276C-45B7-91B6-B27CEF3985AC}.Release|Any CPU.Build.0 = Release|Any CPU
	EndGlobalSection
	GlobalSection(SolutionProperties) = preSolution
		HideSolutionNode = FALSE
	EndGlobalSection
EndGlobal
